
Microsoft Visual Studio Solution File, Format Version 12.00
# Visual Studio Version 17
VisualStudioVersion = 17.14.37411.7
MinimumVisualStudioVersion = 10.0.40219.1
Project("{FAE04EC0-301F-11D3-BF4B-00C04F79EFBC}") = "Torath", "Torath\Torath.csproj", "{0BE804E4-6741-4864-8F76-46683A2FBDB7}"
EndProject
Project("{FAE04EC0-301F-11D3-BF4B-00C04F79EFBC}") = "Torath.Tests", "Torath.Tests\Torath.Tests.csproj", "{C7487FD1-E268-41B2-9477-41707EE02871}"
EndProject
Global
	GlobalSection(SolutionConfigurationPlatforms) = preSolution
		Debug|Any CPU = Debug|Any CPU
		Debug|x64 = Debug|x64
		Debug|x86 = Debug|x86
		Release|Any CPU = Release|Any CPU
		Release|x64 = Release|x64
		Release|x86 = Release|x86
	EndGlobalSection
	GlobalSection(ProjectConfigurationPlatforms) = postSolution
		{0BE804E4-6741-4864-8F76-46683A2FBDB7}.Debug|Any CPU.ActiveCfg = Debug|Any CPU
		{0BE804E4-6741-4864-8F76-46683A2FBDB7}.Debug|Any CPU.Build.0 = Debug|Any CPU
		{0BE804E4-6741-4864-8F76-46683A2FBDB7}.Debug|x64.ActiveCfg = Debug|Any CPU
		{0BE804E4-6741-4864-8F76-46683A2FBDB7}.Debug|x64.Build.0 = Debug|Any CPU
		{0BE804E4-6741-4864-8F76-46683A2FBDB7}.Debug|x86.ActiveCfg = Debug|Any CPU
		{0BE804E4-6741-4864-8F76-46683A2FBDB7}.Debug|x86.Build.0 = Debug|Any CPU
		{0BE804E4-6741-4864-8F76-46683A2FBDB7}.Release|Any CPU.ActiveCfg = Release|Any CPU
		{0BE804E4-6741-4864-8F76-46683A2FBDB7}.Release|Any CPU.Build.0 = Release|Any CPU
		{0BE804E4-6741-4864-8F76-46683A2FBDB7}.Release|x64.ActiveCfg = Release|Any CPU
		{0BE804E4-6741-4864-8F76-46683A2FBDB7}.Release|x64.Build.0 = Release|Any CPU
		{0BE804E4-6741-4864-8F76-46683A2FBDB7}.Release|x86.ActiveCfg = Release|Any CPU
		{0BE804E4-6741-4864-8F76-46683A2FBDB7}.Release|x86.Build.0 = Release|Any CPU
		{C7487FD1-E268-41B2-9477-41707EE02871}.Debug|Any CPU.ActiveCfg = Debug|Any CPU
		{C7487FD1-E268-41B2-9477-41707EE02871}.Debug|Any CPU.Build.0 = Debug|Any CPU
		{C7487FD1-E268-41B2-9477-41707EE02871}.Debug|x64.ActiveCfg = Debug|Any CPU
		{C7487FD1-E268-41B2-9477-41707EE02871}.Debug|x64.Build.0 = Debug|Any CPU
		{C7487FD1-E268-41B2-9477-41707EE02871}.Debug|x86.ActiveCfg = Debug|Any CPU
		{C7487FD1-E268-41B2-9477-41707EE02871}.Debug|x86.Build.0 = Debug|Any CPU
		{C7487FD1-E268-41B2-9477-41707EE02871}.Release|Any CPU.ActiveCfg = Release|Any CPU
		{C7487FD1-E268-41B2-9477-41707EE02871}.Release|Any CPU.Build.0 = Release|Any CPU
		{C7487FD1-E268-41B2-9477-41707EE02871}.Release|x64.ActiveCfg = Release|Any CPU
		{C7487FD1-E268-41B2-9477-41707EE02871}.Release|x64.Build.0 = Release|Any CPU
		{C7487FD1-E268-41B2-9477-41707EE02871}.Release|x86.ActiveCfg = Release|Any CPU
		{C7487FD1-E268-41B2-9477-41707EE02871}.Release|x86.Build.0 = Release|Any CPU
	EndGlobalSection
	GlobalSection(SolutionProperties) = preSolution
		HideSolutionNode = FALSE
	EndGlobalSection
	GlobalSection(ExtensibilityGlobals) = postSolution
		SolutionGuid = {74162DC8-2B85-4A5E-B748-B94EAFC4BA78}
	EndGlobalSection
EndGlobal
